Microsoft Visual Studio Solution File, Format Version 12.00
# Visual Studio Version 17
VisualStudioVersion = 17.13.35825.156
MinimumVisualStudioVersion = 10.0.40219.1
Project("{FAE04EC0-301F-11D3-BF4B-00C04F79EFBC}") = "AdminPanel", "AdminPanel\AdminPanel.csproj", "{48F65DB1-47A3-4834-A291-FF9EE3EA4154}"
EndProject
Global
	GlobalSection(SolutionConfigurationPlatforms) = preSolution
		Debug|Any CPU = Debug|Any CPU
		Release|Any CPU = Release|Any CPU
	EndGlobalSection
	GlobalSection(ProjectConfigurationPlatforms) = postSolution
		{48F65DB1-47A3-4834-A291-FF9EE3EA4154}.Debug|Any CPU.ActiveCfg = Debug|Any CPU
		{48F65DB1-47A3-4834-A291-FF9EE3EA4154}.Debug|Any CPU.Build.0 = Debug|Any CPU
		{48F65DB1-47A3-4834-A291-FF9EE3EA4154}.Release|Any CPU.ActiveCfg = Release|Any CPU
		{48F65DB1-47A3-4834-A291-FF9EE3EA4154}.Release|Any CPU.Build.0 = Release|Any CPU
	EndGlobalSection
	GlobalSection(SolutionProperties) = preSolution
		HideSolutionNode = FALSE
	EndGlobalSection
	GlobalSection(ExtensibilityGlobals) = postSolution
		SolutionGuid = {D148E1EC-C524-4FA2-8278-7D9D33EB9A7B}
	EndGlobalSection
EndGlobal
